// !$*UTF8*$!
{
	archiveVersion = 1;
	classes = {
	};
	objectVersion = 56;
	objects = {

/* Begin PBXBuildFile section */
		7804C24E28FE2CEE009D5E4C /* HomeViewModel.swift in Sources */ = {isa = PBXBuildFile; fileRef = 7804C24D28FE2CEE009D5E4C /* HomeViewModel.swift */; };
		7804C25028FE4AE3009D5E4C /* WeatherViewModel.swift in Sources */ = {isa = PBXBuildFile; fileRef = 7804C24F28FE4AE2009D5E4C /* WeatherViewModel.swift */; };
		789039C428FBB0E000D162FD /* LocationService.swift in Sources */ = {isa = PBXBuildFile; fileRef = 789039C328FBB0E000D162FD /* LocationService.swift */; };
		78D11A2028FB9CE600080EE5 /* WeatherApp.swift in Sources */ = {isa = PBXBuildFile; fileRef = 78D11A1F28FB9CE600080EE5 /* WeatherApp.swift */; };
		78D11A2228FB9CE600080EE5 /* HomeView.swift in Sources */ = {isa = PBXBuildFile; fileRef = 78D11A2128FB9CE600080EE5 /* HomeView.swift */; };
		78D11A2428FB9CE800080EE5 /* Assets.xcassets in Resources */ = {isa = PBXBuildFile; fileRef = 78D11A2328FB9CE800080EE5 /* Assets.xcassets */; };
		78D11A2728FB9CE800080EE5 /* Preview Assets.xcassets in Resources */ = {isa = PBXBuildFile; fileRef = 78D11A2628FB9CE800080EE5 /* Preview Assets.xcassets */; };
		78E63D2528FCD44900C44504 /* GreetingView.swift in Sources */ = {isa = PBXBuildFile; fileRef = 78E63D2428FCD44900C44504 /* GreetingView.swift */; };
		78E63D2728FCD6D300C44504 /* Extensions.swift in Sources */ = {isa = PBXBuildFile; fileRef = 78E63D2628FCD6D300C44504 /* Extensions.swift */; };
		78E63D2B28FCE40400C44504 /* LoadingView.swift in Sources */ = {isa = PBXBuildFile; fileRef = 78E63D2A28FCE40400C44504 /* LoadingView.swift */; };
		78E63D2D28FCE88A00C44504 /* WeatherService.swift in Sources */ = {isa = PBXBuildFile; fileRef = 78E63D2C28FCE88A00C44504 /* WeatherService.swift */; };
		78E63D2F28FCEF1100C44504 /* WeatherResponce.swift in Sources */ = {isa = PBXBuildFile; fileRef = 78E63D2E28FCEF1100C44504 /* WeatherResponce.swift */; };
		78E63D3128FCFEBC00C44504 /* WeatherView.swift in Sources */ = {isa = PBXBuildFile; fileRef = 78E63D3028FCFEBC00C44504 /* WeatherView.swift */; };
		78E63D3528FCFFA100C44504 /* PreviewWeatherData.swift in Sources */ = {isa = PBXBuildFile; fileRef = 78E63D3428FCFFA100C44504 /* PreviewWeatherData.swift */; };
		78E63D3728FCFFF900C44504 /* City.json in Resources */ = {isa = PBXBuildFile; fileRef = 78E63D3628FCFFF900C44504 /* City.json */; };
		78E63D3928FD12C400C44504 /* WeatherRow.swift in Sources */ = {isa = PBXBuildFile; fileRef = 78E63D3828FD12C400C44504 /* WeatherRow.swift */; };
		F0CA2EDBECC283E76495ACCF /* Pods_Weather.framework in Frameworks */ = {isa = PBXBuildFile; fileRef = A211594467C9E0A7991AFDBD /* Pods_Weather.framework */; };
/* End PBXBuildFile section */

/* Begin PBXFileReference section */
		211E5E4B33459495E27F963F /* Pods-Weather.release.xcconfig */ = {isa = PBXFileReference; includeInIndex = 1; lastKnownFileType = text.xcconfig; name = "Pods-Weather.release.xcconfig"; path = "Target Support Files/Pods-Weather/Pods-Weather.release.xcconfig"; sourceTree = "<group>"; };
		7804C24D28FE2CEE009D5E4C /* HomeViewModel.swift */ = {isa = PBXFileReference; lastKnownFileType = sourcecode.swift; path = HomeViewModel.swift; sourceTree = "<group>"; };
		7804C24F28FE4AE2009D5E4C /* WeatherViewModel.swift */ = {isa = PBXFileReference; lastKnownFileType = sourcecode.swift; path = WeatherViewModel.swift; sourceTree = "<group>"; };
		789039C328FBB0E000D162FD /* LocationService.swift */ = {isa = PBXFileReference; lastKnownFileType = sourcecode.swift; path = LocationService.swift; sourceTree = "<group>"; };
		78D11A1C28FB9CE600080EE5 /* Weather.app */ = {isa = PBXFileReference; explicitFileType = wrapper.application; includeInIndex = 0; path = Weather.app; sourceTree = BUILT_PRODUCTS_DIR; };
		78D11A1F28FB9CE600080EE5 /* WeatherApp.swift */ = {isa = PBXFileReference; lastKnownFileType = sourcecode.swift; path = WeatherApp.swift; sourceTree = "<group>"; };
		78D11A2128FB9CE600080EE5 /* HomeView.swift */ = {isa = PBXFileReference; lastKnownFileType = sourcecode.swift; path = HomeView.swift; sourceTree = "<group>"; };
		78D11A2328FB9CE800080EE5 /* Assets.xcassets */ = {isa = PBXFileReference; lastKnownFileType = folder.assetcatalog; path = Assets.xcassets; sourceTree = "<group>"; };
		78D11A2628FB9CE800080EE5 /* Preview Assets.xcassets */ = {isa = PBXFileReference; lastKnownFileType = folder.assetcatalog; path = "Preview Assets.xcassets"; sourceTree = "<group>"; };
		78E63D2428FCD44900C44504 /* GreetingView.swift */ = {isa = PBXFileReference; lastKnownFileType = sourcecode.swift; path = GreetingView.swift; sourceTree = "<group>"; };
		78E63D2628FCD6D300C44504 /* Extensions.swift */ = {isa = PBXFileReference; lastKnownFileType = sourcecode.swift; path = Extensions.swift; sourceTree = "<group>"; };
		78E63D2A28FCE40400C44504 /* LoadingView.swift */ = {isa = PBXFileReference; lastKnownFileType = sourcecode.swift; path = LoadingView.swift; sourceTree = "<group>"; };
		78E63D2C28FCE88A00C44504 /* WeatherService.swift */ = {isa = PBXFileReference; lastKnownFileType = sourcecode.swift; path = WeatherService.swift; sourceTree = "<group>"; };
		78E63D2E28FCEF1100C44504 /* WeatherResponce.swift */ = {isa = PBXFileReference; lastKnownFileType = sourcecode.swift; path = WeatherResponce.swift; sourceTree = "<group>"; };
		78E63D3028FCFEBC00C44504 /* WeatherView.swift */ = {isa = PBXFileReference; lastKnownFileType = sourcecode.swift; path = WeatherView.swift; sourceTree = "<group>"; };
		78E63D3428FCFFA100C44504 /* PreviewWeatherData.swift */ = {isa = PBXFileReference; lastKnownFileType = sourcecode.swift; path = PreviewWeatherData.swift; sourceTree = "<group>"; };
		78E63D3628FCFFF900C44504 /* City.json */ = {isa = PBXFileReference; lastKnownFileType = text.json; path = City.json; sourceTree = "<group>"; };
		78E63D3828FD12C400C44504 /* WeatherRow.swift */ = {isa = PBXFileReference; lastKnownFileType = sourcecode.swift; path = WeatherRow.swift; sourceTree = "<group>"; };
		A211594467C9E0A7991AFDBD /* Pods_Weather.framework */ = {isa = PBXFileReference; explicitFileType = wrapper.framework; includeInIndex = 0; path = Pods_Weather.framework; sourceTree = BUILT_PRODUCTS_DIR; };
		FF04E91AA0110B379D2F3792 /* Pods-Weather.debug.xcconfig */ = {isa = PBXFileReference; includeInIndex = 1; lastKnownFileType = text.xcconfig; name = "Pods-Weather.debug.xcconfig"; path = "Target Support Files/Pods-Weather/Pods-Weather.debug.xcconfig"; sourceTree = "<group>"; };
/* End PBXFileReference section */

/* Begin PBXFrameworksBuildPhase section */
		78D11A1928FB9CE600080EE5 /* Frameworks */ = {
			isa = PBXFrameworksBuildPhase;
			buildActionMask = 2147483647;
			files = (
				F0CA2EDBECC283E76495ACCF /* Pods_Weather.framework in Frameworks */,
			);
			runOnlyForDeploymentPostprocessing = 0;
		};
/* End PBXFrameworksBuildPhase section */

/* Begin PBXGroup section */
		3E525F3937E2931BAA398D22 /* Frameworks */ = {
			isa = PBXGroup;
			children = (
				A211594467C9E0A7991AFDBD /* Pods_Weather.framework */,
			);
			name = Frameworks;
			sourceTree = "<group>";
		};
		7804C24C28FE2C25009D5E4C /* ViewModel */ = {
			isa = PBXGroup;
			children = (
				7804C24D28FE2CEE009D5E4C /* HomeViewModel.swift */,
				7804C24F28FE4AE2009D5E4C /* WeatherViewModel.swift */,
			);
			path = ViewModel;
			sourceTree = "<group>";
		};
		789039BB28FBA36B00D162FD /* Core */ = {
			isa = PBXGroup;
			children = (
				78D11A1F28FB9CE600080EE5 /* WeatherApp.swift */,
			);
			path = Core;
			sourceTree = "<group>";
		};
		789039BC28FBA3A400D162FD /* Model */ = {
			isa = PBXGroup;
			children = (
				78E63D2E28FCEF1100C44504 /* WeatherResponce.swift */,
			);
			path = Model;
			sourceTree = "<group>";
		};
		789039BD28FBA3B100D162FD /* View */ = {
			isa = PBXGroup;
			children = (
				78E63D2328FCD3AD00C44504 /* Components */,
				78E63D2428FCD44900C44504 /* GreetingView.swift */,
				78D11A2128FB9CE600080EE5 /* HomeView.swift */,
				78E63D3028FCFEBC00C44504 /* WeatherView.swift */,
			);
			path = View;
			sourceTree = "<group>";
		};
		789039BF28FBA3C300D162FD /* Services */ = {
			isa = PBXGroup;
			children = (
				789039C328FBB0E000D162FD /* LocationService.swift */,
				78E63D2C28FCE88A00C44504 /* WeatherService.swift */,
			);
			path = Services;
			sourceTree = "<group>";
		};
		789039C028FBA40E00D162FD /* Utils */ = {
			isa = PBXGroup;
			children = (
				78E63D2628FCD6D300C44504 /* Extensions.swift */,
			);
			path = Utils;
			sourceTree = "<group>";
		};
		78D11A1328FB9CE600080EE5 = {
			isa = PBXGroup;
			children = (
				78D11A1E28FB9CE600080EE5 /* Weather */,
				78D11A1D28FB9CE600080EE5 /* Products */,
				FF1539D11D6A0D36BEE60EAB /* Pods */,
				3E525F3937E2931BAA398D22 /* Frameworks */,
			);
			sourceTree = "<group>";
		};
		78D11A1D28FB9CE600080EE5 /* Products */ = {
			isa = PBXGroup;
			children = (
				78D11A1C28FB9CE600080EE5 /* Weather.app */,
			);
			name = Products;
			sourceTree = "<group>";
		};
		78D11A1E28FB9CE600080EE5 /* Weather */ = {
			isa = PBXGroup;
			children = (
				789039BC28FBA3A400D162FD /* Model */,
				7804C24C28FE2C25009D5E4C /* ViewModel */,
				789039BD28FBA3B100D162FD /* View */,
				789039BF28FBA3C300D162FD /* Services */,
				789039C028FBA40E00D162FD /* Utils */,
				789039BB28FBA36B00D162FD /* Core */,
				78D11A2328FB9CE800080EE5 /* Assets.xcassets */,
				78D11A2528FB9CE800080EE5 /* Preview Content */,
			);
			path = Weather;
			sourceTree = "<group>";
		};
		78D11A2528FB9CE800080EE5 /* Preview Content */ = {
			isa = PBXGroup;
			children = (
				78D11A2628FB9CE800080EE5 /* Preview Assets.xcassets */,
				78E63D3428FCFFA100C44504 /* PreviewWeatherData.swift */,
				78E63D3628FCFFF900C44504 /* City.json */,
			);
			path = "Preview Content";
			sourceTree = "<group>";
		};
		78E63D2328FCD3AD00C44504 /* Components */ = {
			isa = PBXGroup;
			children = (
				78E63D3828FD12C400C44504 /* WeatherRow.swift */,
				78E63D2A28FCE40400C44504 /* LoadingView.swift */,
			);
			path = Components;
			sourceTree = "<group>";
		};
		FF1539D11D6A0D36BEE60EAB /* Pods */ = {
			isa = PBXGroup;
			children = (
				FF04E91AA0110B379D2F3792 /* Pods-Weather.debug.xcconfig */,
				211E5E4B33459495E27F963F /* Pods-Weather.release.xcconfig */,
			);
			path = Pods;
			sourceTree = "<group>";
		};
/* End PBXGroup section */

/* Begin PBXNativeTarget section */
		78D11A1B28FB9CE600080EE5 /* Weather */ = {
			isa = PBXNativeTarget;
			buildConfigurationList = 78D11A2A28FB9CE800080EE5 /* Build configuration list for PBXNativeTarget "Weather" */;
			buildPhases = (
				CACFA9D546CD6D9434B79373 /* [CP] Check Pods Manifest.lock */,
				78D11A1828FB9CE600080EE5 /* Sources */,
				78D11A1928FB9CE600080EE5 /* Frameworks */,
				78D11A1A28FB9CE600080EE5 /* Resources */,
				635E5524FB5225C052B7951A /* [CP] Embed Pods Frameworks */,
			);
			buildRules = (
			);
			dependencies = (
			);
			name = Weather;
			productName = Weather;
			productReference = 78D11A1C28FB9CE600080EE5 /* Weather.app */;
			productType = "com.apple.product-type.application";
		};
/* End PBXNativeTarget section */

/* Begin PBXProject section */
		78D11A1428FB9CE600080EE5 /* Project object */ = {
			isa = PBXProject;
			attributes = {
				BuildIndependentTargetsInParallel = 1;
				LastSwiftUpdateCheck = 1400;
				LastUpgradeCheck = 1400;
				TargetAttributes = {
					78D11A1B28FB9CE600080EE5 = {
						CreatedOnToolsVersion = 14.0.1;
					};
				};
			};
			buildConfigurationList = 78D11A1728FB9CE600080EE5 /* Build configuration list for PBXProject "Weather" */;
			compatibilityVersion = "Xcode 14.0";
			developmentRegion = en;
			hasScannedForEncodings = 0;
			knownRegions = (
				en,
				Base,
			);
			mainGroup = 78D11A1328FB9CE600080EE5;
			productRefGroup = 78D11A1D28FB9CE600080EE5 /* Products */;
			projectDirPath = "";
			projectRoot = "";
			targets = (
				78D11A1B28FB9CE600080EE5 /* Weather */,
			);
		};
/* End PBXProject section */

/* Begin PBXResourcesBuildPhase section */
		78D11A1A28FB9CE600080EE5 /* Resources */ = {
			isa = PBXResourcesBuildPhase;
			buildActionMask = 2147483647;
			files = (
				78E63D3728FCFFF900C44504 /* City.json in Resources */,
				78D11A2728FB9CE800080EE5 /* Preview Assets.xcassets in Resources */,
				78D11A2428FB9CE800080EE5 /* Assets.xcassets in Resources */,
			);
			runOnlyForDeploymentPostprocessing = 0;
		};
/* End PBXResourcesBuildPhase section */

/* Begin PBXShellScriptBuildPhase section */
		635E5524FB5225C052B7951A /* [CP] Embed Pods Frameworks */ = {
			isa = PBXShellScriptBuildPhase;
			buildActionMask = 2147483647;
			files = (
			);
			inputFileListPaths = (
				"${PODS_ROOT}/Target Support Files/Pods-Weather/Pods-Weather-frameworks-${CONFIGURATION}-input-files.xcfilelist",
			);
			name = "[CP] Embed Pods Frameworks";
			outputFileListPaths = (
				"${PODS_ROOT}/Target Support Files/Pods-Weather/Pods-Weather-frameworks-${CONFIGURATION}-output-files.xcfilelist",
			);
			runOnlyForDeploymentPostprocessing = 0;
			shellPath = /bin/sh;
			shellScript = "\"${PODS_ROOT}/Target Support Files/Pods-Weather/Pods-Weather-frameworks.sh\"\n";
			showEnvVarsInLog = 0;
		};
		CACFA9D546CD6D9434B79373 /* [CP] Check Pods Manifest.lock */ = {
			isa = PBXShellScriptBuildPhase;
			buildActionMask = 2147483647;
			files = (
			);
			inputFileListPaths = (
			);
			inputPaths = (
				"${PODS_PODFILE_DIR_PATH}/Podfile.lock",
				"${PODS_ROOT}/Manifest.lock",
			);
			name = "[CP] Check Pods Manifest.lock";
			outputFileListPaths = (
			);
			outputPaths = (
				"$(DERIVED_FILE_DIR)/Pods-Weather-checkManifestLockResult.txt",
			);
			runOnlyForDeploymentPostprocessing = 0;
			shellPath = /bin/sh;
			shellScript = "diff \"${PODS_PODFILE_DIR_PATH}/Podfile.lock\" \"${PODS_ROOT}/Manifest.lock\" > /dev/null\nif [ $? != 0 ] ; then\n    # print error to STDERR\n    echo \"error: The sandbox is not in sync with the Podfile.lock. Run 'pod install' or update your CocoaPods installation.\" >&2\n    exit 1\nfi\n# This output is used by Xcode 'outputs' to avoid re-running this script phase.\necho \"SUCCESS\" > \"${SCRIPT_OUTPUT_FILE_0}\"\n";
			showEnvVarsInLog = 0;
		};
/* End PBXShellScriptBuildPhase section */

/* Begin PBXSourcesBuildPhase section */
		78D11A1828FB9CE600080EE5 /* Sources */ = {
			isa = PBXSourcesBuildPhase;
			buildActionMask = 2147483647;
			files = (
				78E63D3928FD12C400C44504 /* WeatherRow.swift in Sources */,
				7804C25028FE4AE3009D5E4C /* WeatherViewModel.swift in Sources */,
				7804C24E28FE2CEE009D5E4C /* HomeViewModel.swift in Sources */,
				78E63D2728FCD6D300C44504 /* Extensions.swift in Sources */,
				78D11A2228FB9CE600080EE5 /* HomeView.swift in Sources */,
				78E63D2528FCD44900C44504 /* GreetingView.swift in Sources */,
				789039C428FBB0E000D162FD /* LocationService.swift in Sources */,
				78D11A2028FB9CE600080EE5 /* WeatherApp.swift in Sources */,
				78E63D3528FCFFA100C44504 /* PreviewWeatherData.swift in Sources */,
				78E63D2B28FCE40400C44504 /* LoadingView.swift in Sources */,
				78E63D3128FCFEBC00C44504 /* WeatherView.swift in Sources */,
				78E63D2F28FCEF1100C44504 /* WeatherResponce.swift in Sources */,
				78E63D2D28FCE88A00C44504 /* WeatherService.swift in Sources */,
			);
			runOnlyForDeploymentPostprocessing = 0;
		};
/* End PBXSourcesBuildPhase section */

/* Begin XCBuildConfiguration section */
		78D11A2828FB9CE800080EE5 /* Debug */ = {
			isa = XCBuildConfiguration;
			buildSettings = {
				ALWAYS_SEARCH_USER_PATHS = NO;
				CLANG_ANALYZER_NONNULL = YES;
				CLANG_ANALYZER_NUMBER_OBJECT_CONVERSION = YES_AGGRESSIVE;
				CLANG_CXX_LANGUAGE_STANDARD = "gnu++20";
				CLANG_ENABLE_MODULES = YES;
				CLANG_ENABLE_OBJC_ARC = YES;
				CLANG_ENABLE_OBJC_WEAK = YES;
				CLANG_WARN_BLOCK_CAPTURE_AUTORELEASING = YES;
				CLANG_WARN_BOOL_CONVERSION = YES;
				CLANG_WARN_COMMA = YES;
				CLANG_WARN_CONSTANT_CONVERSION = YES;
				CLANG_WARN_DEPRECATED_OBJC_IMPLEMENTATIONS = YES;
				CLANG_WARN_DIRECT_OBJC_ISA_USAGE = YES_ERROR;
				CLANG_WARN_DOCUMENTATION_COMMENTS = YES;
				CLANG_WARN_EMPTY_BODY = YES;
				CLANG_WARN_ENUM_CONVERSION = YES;
				CLANG_WARN_INFINITE_RECURSION = YES;
				CLANG_WARN_INT_CONVERSION = YES;
				CLANG_WARN_NON_LITERAL_NULL_CONVERSION = YES;
				CLANG_WARN_OBJC_IMPLICIT_RETAIN_SELF = YES;
				CLANG_WARN_OBJC_LITERAL_CONVERSION = YES;
				CLANG_WARN_OBJC_ROOT_CLASS = YES_ERROR;
				CLANG_WARN_QUOTED_INCLUDE_IN_FRAMEWORK_HEADER = YES;
				CLANG_WARN_RANGE_LOOP_ANALYSIS = YES;
				CLANG_WARN_STRICT_PROTOTYPES = YES;
				CLANG_WARN_SUSPICIOUS_MOVE = YES;
				CLANG_WARN_UNGUARDED_AVAILABILITY = YES_AGGRESSIVE;
				CLANG_WARN_UNREACHABLE_CODE = YES;
				CLANG_WARN__DUPLICATE_METHOD_MATCH = YES;
				COPY_PHASE_STRIP = NO;
				DEBUG_INFORMATION_FORMAT = dwarf;
				ENABLE_STRICT_OBJC_MSGSEND = YES;
				ENABLE_TESTABILITY = YES;
				GCC_C_LANGUAGE_STANDARD = gnu11;
				GCC_DYNAMIC_NO_PIC = NO;
				GCC_NO_COMMON_BLOCKS = YES;
				GCC_OPTIMIZATION_LEVEL = 0;
				GCC_PREPROCESSOR_DEFINITIONS = (
					"DEBUG=1",
					"$(inherited)",
				);
				GCC_WARN_64_TO_32_BIT_CONVERSION = YES;
				GCC_WARN_ABOUT_RETURN_TYPE = YES_ERROR;
				GCC_WARN_UNDECLARED_SELECTOR = YES;
				GCC_WARN_UNINITIALIZED_AUTOS = YES_AGGRESSIVE;
				GCC_WARN_UNUSED_FUNCTION = YES;
				GCC_WARN_UNUSED_VARIABLE = YES;
				IPHONEOS_DEPLOYMENT_TARGET = 16.0;
				MTL_ENABLE_DEBUG_INFO = INCLUDE_SOURCE;
				MTL_FAST_MATH = YES;
				ONLY_ACTIVE_ARCH = YES;
				SDKROOT = iphoneos;
				SWIFT_ACTIVE_COMPILATION_CONDITIONS = DEBUG;
				SWIFT_OPTIMIZATION_LEVEL = "-Onone";
			};
			name = Debug;
		};
		78D11A2928FB9CE800080EE5 /* Release */ = {
			isa = XCBuildConfiguration;
			buildSettings = {
				ALWAYS_SEARCH_USER_PATHS = NO;
				CLANG_ANALYZER_NONNULL = YES;
				CLANG_ANALYZER_NUMBER_OBJECT_CONVERSION = YES_AGGRESSIVE;
				CLANG_CXX_LANGUAGE_STANDARD = "gnu++20";
				CLANG_ENABLE_MODULES = YES;
				CLANG_ENABLE_OBJC_ARC = YES;
				CLANG_ENABLE_OBJC_WEAK = YES;
				CLANG_WARN_BLOCK_CAPTURE_AUTORELEASING = YES;
				CLANG_WARN_BOOL_CONVERSION = YES;
				CLANG_WARN_COMMA = YES;
				CLANG_WARN_CONSTANT_CONVERSION = YES;
				CLANG_WARN_DEPRECATED_OBJC_IMPLEMENTATIONS = YES;
				CLANG_WARN_DIRECT_OBJC_ISA_USAGE = YES_ERROR;
				CLANG_WARN_DOCUMENTATION_COMMENTS = YES;
				CLANG_WARN_EMPTY_BODY = YES;
				CLANG_WARN_ENUM_CONVERSION = YES;
				CLANG_WARN_INFINITE_RECURSION = YES;
				CLANG_WARN_INT_CONVERSION = YES;
				CLANG_WARN_NON_LITERAL_NULL_CONVERSION = YES;
				CLANG_WARN_OBJC_IMPLICIT_RETAIN_SELF = YES;
				CLANG_WARN_OBJC_LITERAL_CONVERSION = YES;
				CLANG_WARN_OBJC_ROOT_CLASS = YES_ERROR;
				CLANG_WARN_QUOTED_INCLUDE_IN_FRAMEWORK_HEADER = YES;
				CLANG_WARN_RANGE_LOOP_ANALYSIS = YES;
				CLANG_WARN_STRICT_PROTOTYPES = YES;
				CLANG_WARN_SUSPICIOUS_MOVE = YES;
				CLANG_WARN_UNGUARDED_AVAILABILITY = YES_AGGRESSIVE;
				CLANG_WARN_UNREACHABLE_CODE = YES;
				CLANG_WARN__DUPLICATE_METHOD_MATCH = YES;
				COPY_PHASE_STRIP = NO;
				DEBUG_INFORMATION_FORMAT = "dwarf-with-dsym";
				ENABLE_NS_ASSERTIONS = NO;
				ENABLE_STRICT_OBJC_MSGSEND = YES;
				GCC_C_LANGUAGE_STANDARD = gnu11;
				GCC_NO_COMMON_BLOCKS = YES;
				GCC_WARN_64_TO_32_BIT_CONVERSION = YES;
				GCC_WARN_ABOUT_RETURN_TYPE = YES_ERROR;
				GCC_WARN_UNDECLARED_SELECTOR = YES;
				GCC_WARN_UNINITIALIZED_AUTOS = YES_AGGRESSIVE;
				GCC_WARN_UNUSED_FUNCTION = YES;
				GCC_WARN_UNUSED_VARIABLE = YES;
				IPHONEOS_DEPLOYMENT_TARGET = 16.0;
				MTL_ENABLE_DEBUG_INFO = NO;
				MTL_FAST_MATH = YES;
				SDKROOT = iphoneos;
				SWIFT_COMPILATION_MODE = wholemodule;
				SWIFT_OPTIMIZATION_LEVEL = "-O";
				VALIDATE_PRODUCT = YES;
			};
			name = Release;
		};
		78D11A2B28FB9CE800080EE5 /* Debug */ = {
			isa = XCBuildConfiguration;
			baseConfigurationReference = FF04E91AA0110B379D2F3792 /* Pods-Weather.debug.xcconfig */;
			buildSettings = {
				ASSETCATALOG_COMPILER_APPICON_NAME = AppIcon;
				ASSETCATALOG_COMPILER_GLOBAL_ACCENT_COLOR_NAME = AccentColor;
				CODE_SIGN_STYLE = Automatic;
				CURRENT_PROJECT_VERSION = 1;
				DEVELOPMENT_ASSET_PATHS = "\"Weather/Preview Content\"";
				DEVELOPMENT_TEAM = 444BVR3W4R;
				ENABLE_PREVIEWS = YES;
				GENERATE_INFOPLIST_FILE = YES;
				INFOPLIST_KEY_UIApplicationSceneManifest_Generation = YES;
				INFOPLIST_KEY_UIApplicationSupportsIndirectInputEvents = YES;
				INFOPLIST_KEY_UILaunchScreen_Generation = YES;
				INFOPLIST_KEY_UISupportedInterfaceOrientations = UIInterfaceOrientationPortrait;
				INFOPLIST_KEY_UISupportedInterfaceOrientations_iPad = "UIInterfaceOrientationLandscapeLeft UIInterfaceOrientationLandscapeRight UIInterfaceOrientationPortrait UIInterfaceOrientationPortraitUpsideDown";
				IPHONEOS_DEPLOYMENT_TARGET = 15.0;
				LD_RUNPATH_SEARCH_PATHS = (
					"$(inherited)",
					"@executable_path/Frameworks",
				);
				MARKETING_VERSION = 1.0;
				PRODUCT_BUNDLE_IDENTIFIER = com.ingwarrrr.Weather;
				PRODUCT_NAME = "$(TARGET_NAME)";
				SUPPORTED_PLATFORMS = "iphoneos iphonesimulator";
				SUPPORTS_MACCATALYST = NO;
				SUPPORTS_MAC_DESIGNED_FOR_IPHONE_IPAD = NO;
				SWIFT_EMIT_LOC_STRINGS = YES;
				SWIFT_VERSION = 5.0;
				TARGETED_DEVICE_FAMILY = 1;
			};
			name = Debug;
		};
		78D11A2C28FB9CE800080EE5 /* Release */ = {
			isa = XCBuildConfiguration;
			baseConfigurationReference = 211E5E4B33459495E27F963F /* Pods-Weather.release.xcconfig */;
			buildSettings = {
				ASSETCATALOG_COMPILER_APPICON_NAME = AppIcon;
				ASSETCATALOG_COMPILER_GLOBAL_ACCENT_COLOR_NAME = AccentColor;
				CODE_SIGN_STYLE = Automatic;
				CURRENT_PROJECT_VERSION = 1;
				DEVELOPMENT_ASSET_PATHS = "\"Weather/Preview Content\"";
				DEVELOPMENT_TEAM = 444BVR3W4R;
				ENABLE_PREVIEWS = YES;
				GENERATE_INFOPLIST_FILE = YES;
				INFOPLIST_KEY_UIApplicationSceneManifest_Generation = YES;
				INFOPLIST_KEY_UIApplicationSupportsIndirectInputEvents = YES;
				INFOPLIST_KEY_UILaunchScreen_Generation = YES;
				INFOPLIST_KEY_UISupportedInterfaceOrientations = UIInterfaceOrientationPortrait;
				INFOPLIST_KEY_UISupportedInterfaceOrientations_iPad = "UIInterfaceOrientationLandscapeLeft UIInterfaceOrientationLandscapeRight UIInterfaceOrientationPortrait UIInterfaceOrientationPortraitUpsideDown";
				IPHONEOS_DEPLOYMENT_TARGET = 15.0;
				LD_RUNPATH_SEARCH_PATHS = (
					"$(inherited)",
					"@executable_path/Frameworks",
				);
				MARKETING_VERSION = 1.0;
				PRODUCT_BUNDLE_IDENTIFIER = com.ingwarrrr.Weather;
				PRODUCT_NAME = "$(TARGET_NAME)";
				SUPPORTED_PLATFORMS = "iphoneos iphonesimulator";
				SUPPORTS_MACCATALYST = NO;
				SUPPORTS_MAC_DESIGNED_FOR_IPHONE_IPAD = NO;
				SWIFT_EMIT_LOC_STRINGS = YES;
				SWIFT_VERSION = 5.0;
				TARGETED_DEVICE_FAMILY = 1;
			};
			name = Release;
		};
/* End XCBuildConfiguration section */

/* Begin XCConfigurationList section */
		78D11A1728FB9CE600080EE5 /* Build configuration list for PBXProject "Weather" */ = {
			isa = XCConfigurationList;
			buildConfigurations = (
				78D11A2828FB9CE800080EE5 /* Debug */,
				78D11A2928FB9CE800080EE5 /* Release */,
			);
			defaultConfigurationIsVisible = 0;
			defaultConfigurationName = Release;
		};
		78D11A2A28FB9CE800080EE5 /* Build configuration list for PBXNativeTarget "Weather" */ = {
			isa = XCConfigurationList;
			buildConfigurations = (
				78D11A2B28FB9CE800080EE5 /* Debug */,
				78D11A2C28FB9CE800080EE5 /* Release */,
			);
			defaultConfigurationIsVisible = 0;
			defaultConfigurationName = Release;
		};
/* End XCConfigurationList section */
	};
	rootObject = 78D11A1428FB9CE600080EE5 /* Project object */;
}
